
Microsoft Visual Studio Solution File, Format Version 12.00
# Visual Studio 14
VisualStudioVersion = 14.0.25123.0
MinimumVisualStudioVersion = 10.0.40219.1
Project("{FAE04EC0-301F-11D3-BF4B-00C04F79EFBC}") = "MasterOnline", "MasterOnline\MasterOnline.csproj", "{B51203D0-0610-4F6E-B754-C56EC409AEAC}"
EndProject
Global
	GlobalSection(SolutionConfigurationPlatforms) = preSolution
		AWS|Any CPU = AWS|Any CPU
		Debug_AWS|Any CPU = Debug_AWS|Any CPU
		Debug|Any CPU = Debug|Any CPU
		Dev|Any CPU = Dev|Any CPU
		Release|Any CPU = Release|Any CPU
	EndGlobalSection
	GlobalSection(ProjectConfigurationPlatforms) = postSolution
		{B51203D0-0610-4F6E-B754-C56EC409AEAC}.AWS|Any CPU.ActiveCfg = AWS|Any CPU
		{B51203D0-0610-4F6E-B754-C56EC409AEAC}.AWS|Any CPU.Build.0 = AWS|Any CPU
		{B51203D0-0610-4F6E-B754-C56EC409AEAC}.Debug_AWS|Any CPU.ActiveCfg = Debug_AWS|Any CPU
		{B51203D0-0610-4F6E-B754-C56EC409AEAC}.Debug_AWS|Any CPU.Build.0 = Debug_AWS|Any CPU
		{B51203D0-0610-4F6E-B754-C56EC409AEAC}.Debug|Any CPU.ActiveCfg = Debug|Any CPU
		{B51203D0-0610-4F6E-B754-C56EC409AEAC}.Debug|Any CPU.Build.0 = Debug|Any CPU
		{B51203D0-0610-4F6E-B754-C56EC409AEAC}.Dev|Any CPU.ActiveCfg = Dev|Any CPU
		{B51203D0-0610-4F6E-B754-C56EC409AEAC}.Dev|Any CPU.Build.0 = Dev|Any CPU
		{B51203D0-0610-4F6E-B754-C56EC409AEAC}.Release|Any CPU.ActiveCfg = Release|Any CPU
		{B51203D0-0610-4F6E-B754-C56EC409AEAC}.Release|Any CPU.Build.0 = Release|Any CPU
	EndGlobalSection
	GlobalSection(SolutionProperties) = preSolution
		HideSolutionNode = FALSE
	EndGlobalSection
	GlobalSection(ExtensibilityGlobals) = postSolution
		SolutionGuid = {3BBA0157-6503-4953-B776-D52B758E794D}
	EndGlobalSection
EndGlobal
